
Microsoft Visual Studio Solution File, Format Version 12.00
# Visual Studio 2012
Project("{8BC9CEB8-8B4A-11D0-8D11-00A0C91BC942}") = "Lab_Final", "Lab_Final\Lab_Final.vcxproj", "{9AA3BE74-B977-40D2-84D3-14AC2E39C32F}"
EndProject
Global
	GlobalSection(SolutionConfigurationPlatforms) = preSolution
		Debug|Win32 = Debug|Win32
		Release|Win32 = Release|Win32
	EndGlobalSection
	GlobalSection(ProjectConfigurationPlatforms) = postSolution
		{9AA3BE74-B977-40D2-84D3-14AC2E39C32F}.Debug|Win32.ActiveCfg = Debug|Win32
		{9AA3BE74-B977-40D2-84D3-14AC2E39C32F}.Debug|Win32.Build.0 = Debug|Win32
		{9AA3BE74-B977-40D2-84D3-14AC2E39C32F}.Release|Win32.ActiveCfg = Release|Win32
		{9AA3BE74-B977-40D2-84D3-14AC2E39C32F}.Release|Win32.Build.0 = Release|Win32
	EndGlobalSection
	GlobalSection(SolutionProperties) = preSolution
		HideSolutionNode = FALSE
	EndGlobalSection
EndGlobal
