
Microsoft Visual Studio Solution File, Format Version 12.00
# Visual Studio 2012
Project("{8BC9CEB8-8B4A-11D0-8D11-00A0C91BC942}") = "Lab12P4", "Lab12P4\Lab12P4.vcxproj", "{C039A6F0-BC1A-41BC-9862-F46012A1C72C}"
EndProject
Global
	GlobalSection(SolutionConfigurationPlatforms) = preSolution
		Debug|Win32 = Debug|Win32
		Release|Win32 = Release|Win32
	EndGlobalSection
	GlobalSection(ProjectConfigurationPlatforms) = postSolution
		{C039A6F0-BC1A-41BC-9862-F46012A1C72C}.Debug|Win32.ActiveCfg = Debug|Win32
		{C039A6F0-BC1A-41BC-9862-F46012A1C72C}.Debug|Win32.Build.0 = Debug|Win32
		{C039A6F0-BC1A-41BC-9862-F46012A1C72C}.Release|Win32.ActiveCfg = Release|Win32
		{C039A6F0-BC1A-41BC-9862-F46012A1C72C}.Release|Win32.Build.0 = Release|Win32
	EndGlobalSection
	GlobalSection(SolutionProperties) = preSolution
		HideSolutionNode = FALSE
	EndGlobalSection
EndGlobal
