
Microsoft Visual Studio Solution File, Format Version 12.00
# Visual Studio 2012
Project("{8BC9CEB8-8B4A-11D0-8D11-00A0C91BC942}") = "PA5P2", "PA5P2\PA5P2.vcxproj", "{CCA38218-A3EC-45FA-9D97-29498D603B82}"
EndProject
Global
	GlobalSection(SolutionConfigurationPlatforms) = preSolution
		Debug|Win32 = Debug|Win32
		Release|Win32 = Release|Win32
	EndGlobalSection
	GlobalSection(ProjectConfigurationPlatforms) = postSolution
		{CCA38218-A3EC-45FA-9D97-29498D603B82}.Debug|Win32.ActiveCfg = Debug|Win32
		{CCA38218-A3EC-45FA-9D97-29498D603B82}.Debug|Win32.Build.0 = Debug|Win32
		{CCA38218-A3EC-45FA-9D97-29498D603B82}.Release|Win32.ActiveCfg = Release|Win32
		{CCA38218-A3EC-45FA-9D97-29498D603B82}.Release|Win32.Build.0 = Release|Win32
	EndGlobalSection
	GlobalSection(SolutionProperties) = preSolution
		HideSolutionNode = FALSE
	EndGlobalSection
EndGlobal
